
Microsoft Visual Studio Solution File, Format Version 12.00
# Visual Studio Version 16
VisualStudioVersion = 16.0.29509.3
MinimumVisualStudioVersion = 10.0.40219.1
Project("{FAE04EC0-301F-11D3-BF4B-00C04F79EFBC}") = "ASMWebTest1Project", "ASMWebTest1Project\ASMWebTest1Project.csproj", "{D5FA9D28-A842-4973-ADEC-4317FCE777C1}"
EndProject
Global
	GlobalSection(SolutionConfigurationPlatforms) = preSolution
		Debug|Any CPU = Debug|Any CPU
		Release|Any CPU = Release|Any CPU
	EndGlobalSection
	GlobalSection(ProjectConfigurationPlatforms) = postSolution
		{D5FA9D28-A842-4973-ADEC-4317FCE777C1}.Debug|Any CPU.ActiveCfg = Debug|Any CPU
		{D5FA9D28-A842-4973-ADEC-4317FCE777C1}.Debug|Any CPU.Build.0 = Debug|Any CPU
		{D5FA9D28-A842-4973-ADEC-4317FCE777C1}.Release|Any CPU.ActiveCfg = Release|Any CPU
		{D5FA9D28-A842-4973-ADEC-4317FCE777C1}.Release|Any CPU.Build.0 = Release|Any CPU
	EndGlobalSection
	GlobalSection(SolutionProperties) = preSolution
		HideSolutionNode = FALSE
	EndGlobalSection
	GlobalSection(ExtensibilityGlobals) = postSolution
		SolutionGuid = {DFD08347-5E0B-4809-8965-7E928E8671DF}
	EndGlobalSection
EndGlobal
